// !$*UTF8*$!
{
	archiveVersion = 1;
	classes = {
	};
	objectVersion = 50;
	objects = {

/* Begin PBXBuildFile section */
		5307F5FF22121909000F495D /* CategoryViewController.swift in Sources */ = {isa = PBXBuildFile; fileRef = 5307F5FE22121909000F495D /* CategoryViewController.swift */; };
		536B703B22148658008359C7 /* Item.swift in Sources */ = {isa = PBXBuildFile; fileRef = 536B703A22148658008359C7 /* Item.swift */; };
		536B703D22148665008359C7 /* Category.swift in Sources */ = {isa = PBXBuildFile; fileRef = 536B703C22148665008359C7 /* Category.swift */; };
		53BFABE9220A3BF300C6DFDC /* AppDelegate.swift in Sources */ = {isa = PBXBuildFile; fileRef = 53BFABE8220A3BF300C6DFDC /* AppDelegate.swift */; };
		53BFABEB220A3BF300C6DFDC /* TodoListViewController.swift in Sources */ = {isa = PBXBuildFile; fileRef = 53BFABEA220A3BF300C6DFDC /* TodoListViewController.swift */; };
		53BFABEE220A3BF300C6DFDC /* Main.storyboard in Resources */ = {isa = PBXBuildFile; fileRef = 53BFABEC220A3BF300C6DFDC /* Main.storyboard */; };
		53BFABF0220A3BF700C6DFDC /* Assets.xcassets in Resources */ = {isa = PBXBuildFile; fileRef = 53BFABEF220A3BF700C6DFDC /* Assets.xcassets */; };
		53BFABF3220A3BF700C6DFDC /* LaunchScreen.storyboard in Resources */ = {isa = PBXBuildFile; fileRef = 53BFABF1220A3BF700C6DFDC /* LaunchScreen.storyboard */; };
		9BCBB98DACB9A142B13AFEA2 /* Pods_Todoey.framework in Frameworks */ = {isa = PBXBuildFile; fileRef = A0E0AD6E9F2AF3B6FC4DED69 /* Pods_Todoey.framework */; };
/* End PBXBuildFile section */

/* Begin PBXFileReference section */
		1BDFCF617D6E0DD53C3E1C1A /* Pods-Todoey.release.xcconfig */ = {isa = PBXFileReference; includeInIndex = 1; lastKnownFileType = text.xcconfig; name = "Pods-Todoey.release.xcconfig"; path = "Pods/Target Support Files/Pods-Todoey/Pods-Todoey.release.xcconfig"; sourceTree = "<group>"; };
		5307F5FE22121909000F495D /* CategoryViewController.swift */ = {isa = PBXFileReference; lastKnownFileType = sourcecode.swift; path = CategoryViewController.swift; sourceTree = "<group>"; };
		536B703A22148658008359C7 /* Item.swift */ = {isa = PBXFileReference; lastKnownFileType = sourcecode.swift; path = Item.swift; sourceTree = "<group>"; };
		536B703C22148665008359C7 /* Category.swift */ = {isa = PBXFileReference; lastKnownFileType = sourcecode.swift; path = Category.swift; sourceTree = "<group>"; };
		53BFABE5220A3BF300C6DFDC /* Todoey.app */ = {isa = PBXFileReference; explicitFileType = wrapper.application; includeInIndex = 0; path = Todoey.app; sourceTree = BUILT_PRODUCTS_DIR; };
		53BFABE8220A3BF300C6DFDC /* AppDelegate.swift */ = {isa = PBXFileReference; lastKnownFileType = sourcecode.swift; path = AppDelegate.swift; sourceTree = "<group>"; };
		53BFABEA220A3BF300C6DFDC /* TodoListViewController.swift */ = {isa = PBXFileReference; lastKnownFileType = sourcecode.swift; path = TodoListViewController.swift; sourceTree = "<group>"; };
		53BFABED220A3BF300C6DFDC /* Base */ = {isa = PBXFileReference; lastKnownFileType = file.storyboard; name = Base; path = Base.lproj/Main.storyboard; sourceTree = "<group>"; };
		53BFABEF220A3BF700C6DFDC /* Assets.xcassets */ = {isa = PBXFileReference; lastKnownFileType = folder.assetcatalog; path = Assets.xcassets; sourceTree = "<group>"; };
		53BFABF2220A3BF700C6DFDC /* Base */ = {isa = PBXFileReference; lastKnownFileType = file.storyboard; name = Base; path = Base.lproj/LaunchScreen.storyboard; sourceTree = "<group>"; };
		53BFABF4220A3BF700C6DFDC /* Info.plist */ = {isa = PBXFileReference; lastKnownFileType = text.plist.xml; path = Info.plist; sourceTree = "<group>"; };
		A0E0AD6E9F2AF3B6FC4DED69 /* Pods_Todoey.framework */ = {isa = PBXFileReference; explicitFileType = wrapper.framework; includeInIndex = 0; path = Pods_Todoey.framework; sourceTree = BUILT_PRODUCTS_DIR; };
		E8135FC5575078441027BE0C /* Pods-Todoey.debug.xcconfig */ = {isa = PBXFileReference; includeInIndex = 1; lastKnownFileType = text.xcconfig; name = "Pods-Todoey.debug.xcconfig"; path = "Pods/Target Support Files/Pods-Todoey/Pods-Todoey.debug.xcconfig"; sourceTree = "<group>"; };
/* End PBXFileReference section */

/* Begin PBXFrameworksBuildPhase section */
		53BFABE2220A3BF300C6DFDC /* Frameworks */ = {
			isa = PBXFrameworksBuildPhase;
			buildActionMask = 2147483647;
			files = (
				9BCBB98DACB9A142B13AFEA2 /* Pods_Todoey.framework in Frameworks */,
			);
			runOnlyForDeploymentPostprocessing = 0;
		};
/* End PBXFrameworksBuildPhase section */

/* Begin PBXGroup section */
		534BB08B220C8B9200A1DC6D /* Data Model */ = {
			isa = PBXGroup;
			children = (
				536B703C22148665008359C7 /* Category.swift */,
				536B703A22148658008359C7 /* Item.swift */,
			);
			path = "Data Model";
			sourceTree = "<group>";
		};
		534BB08C220C8BA700A1DC6D /* Controllers */ = {
			isa = PBXGroup;
			children = (
				5307F5FE22121909000F495D /* CategoryViewController.swift */,
				53BFABEA220A3BF300C6DFDC /* TodoListViewController.swift */,
			);
			path = Controllers;
			sourceTree = "<group>";
		};
		534BB08D220C8BB900A1DC6D /* Views */ = {
			isa = PBXGroup;
			children = (
				53BFABEC220A3BF300C6DFDC /* Main.storyboard */,
			);
			path = Views;
			sourceTree = "<group>";
		};
		534BB08E220C8BCF00A1DC6D /* Supporting Files */ = {
			isa = PBXGroup;
			children = (
				53BFABEF220A3BF700C6DFDC /* Assets.xcassets */,
				53BFABF1220A3BF700C6DFDC /* LaunchScreen.storyboard */,
			);
			path = "Supporting Files";
			sourceTree = "<group>";
		};
		53BFABDC220A3BF300C6DFDC = {
			isa = PBXGroup;
			children = (
				53BFABE7220A3BF300C6DFDC /* Todoey */,
				53BFABE6220A3BF300C6DFDC /* Products */,
				A5D281BE2869D5D31DE3E1EF /* Pods */,
				BA8382C41B924A7ED253E951 /* Frameworks */,
			);
			sourceTree = "<group>";
		};
		53BFABE6220A3BF300C6DFDC /* Products */ = {
			isa = PBXGroup;
			children = (
				53BFABE5220A3BF300C6DFDC /* Todoey.app */,
			);
			name = Products;
			sourceTree = "<group>";
		};
		53BFABE7220A3BF300C6DFDC /* Todoey */ = {
			isa = PBXGroup;
			children = (
				53BFABE8220A3BF300C6DFDC /* AppDelegate.swift */,
				534BB08C220C8BA700A1DC6D /* Controllers */,
				534BB08B220C8B9200A1DC6D /* Data Model */,
				534BB08D220C8BB900A1DC6D /* Views */,
				534BB08E220C8BCF00A1DC6D /* Supporting Files */,
				53BFABF4220A3BF700C6DFDC /* Info.plist */,
			);
			path = Todoey;
			sourceTree = "<group>";
		};
		A5D281BE2869D5D31DE3E1EF /* Pods */ = {
			isa = PBXGroup;
			children = (
				E8135FC5575078441027BE0C /* Pods-Todoey.debug.xcconfig */,
				1BDFCF617D6E0DD53C3E1C1A /* Pods-Todoey.release.xcconfig */,
			);
			name = Pods;
			sourceTree = "<group>";
		};
		BA8382C41B924A7ED253E951 /* Frameworks */ = {
			isa = PBXGroup;
			children = (
				A0E0AD6E9F2AF3B6FC4DED69 /* Pods_Todoey.framework */,
			);
			name = Frameworks;
			sourceTree = "<group>";
		};
/* End PBXGroup section */

/* Begin PBXNativeTarget section */
		53BFABE4220A3BF300C6DFDC /* Todoey */ = {
			isa = PBXNativeTarget;
			buildConfigurationList = 53BFABF7220A3BF700C6DFDC /* Build configuration list for PBXNativeTarget "Todoey" */;
			buildPhases = (
				C8961D28ABA0DADA773DC757 /* [CP] Check Pods Manifest.lock */,
				53BFABE1220A3BF300C6DFDC /* Sources */,
				53BFABE2220A3BF300C6DFDC /* Frameworks */,
				53BFABE3220A3BF300C6DFDC /* Resources */,
				17E94BD6B045482CC24B5979 /* [CP] Embed Pods Frameworks */,
			);
			buildRules = (
			);
			dependencies = (
			);
			name = Todoey;
			productName = Todoey;
			productReference = 53BFABE5220A3BF300C6DFDC /* Todoey.app */;
			productType = "com.apple.product-type.application";
		};
/* End PBXNativeTarget section */

/* Begin PBXProject section */
		53BFABDD220A3BF300C6DFDC /* Project object */ = {
			isa = PBXProject;
			attributes = {
				LastSwiftUpdateCheck = 1010;
				LastUpgradeCheck = 1010;
				ORGANIZATIONNAME = "Smeet Patel";
				TargetAttributes = {
					53BFABE4220A3BF300C6DFDC = {
						CreatedOnToolsVersion = 10.1;
					};
				};
			};
			buildConfigurationList = 53BFABE0220A3BF300C6DFDC /* Build configuration list for PBXProject "Todoey" */;
			compatibilityVersion = "Xcode 9.3";
			developmentRegion = en;
			hasScannedForEncodings = 0;
			knownRegions = (
				en,
				Base,
			);
			mainGroup = 53BFABDC220A3BF300C6DFDC;
			productRefGroup = 53BFABE6220A3BF300C6DFDC /* Products */;
			projectDirPath = "";
			projectRoot = "";
			targets = (
				53BFABE4220A3BF300C6DFDC /* Todoey */,
			);
		};
/* End PBXProject section */

/* Begin PBXResourcesBuildPhase section */
		53BFABE3220A3BF300C6DFDC /* Resources */ = {
			isa = PBXResourcesBuildPhase;
			buildActionMask = 2147483647;
			files = (
				53BFABF3220A3BF700C6DFDC /* LaunchScreen.storyboard in Resources */,
				53BFABF0220A3BF700C6DFDC /* Assets.xcassets in Resources */,
				53BFABEE220A3BF300C6DFDC /* Main.storyboard in Resources */,
			);
			runOnlyForDeploymentPostprocessing = 0;
		};
/* End PBXResourcesBuildPhase section */

/* Begin PBXShellScriptBuildPhase section */
		17E94BD6B045482CC24B5979 /* [CP] Embed Pods Frameworks */ = {
			isa = PBXShellScriptBuildPhase;
			buildActionMask = 2147483647;
			files = (
			);
			inputFileListPaths = (
			);
			inputPaths = (
				"${SRCROOT}/Pods/Target Support Files/Pods-Todoey/Pods-Todoey-frameworks.sh",
				"${BUILT_PRODUCTS_DIR}/Realm/Realm.framework",
				"${BUILT_PRODUCTS_DIR}/RealmSwift/RealmSwift.framework",
			);
			name = "[CP] Embed Pods Frameworks";
			outputFileListPaths = (
			);
			outputPaths = (
				"${TARGET_BUILD_DIR}/${FRAMEWORKS_FOLDER_PATH}/Realm.framework",
				"${TARGET_BUILD_DIR}/${FRAMEWORKS_FOLDER_PATH}/RealmSwift.framework",
			);
			runOnlyForDeploymentPostprocessing = 0;
			shellPath = /bin/sh;
			shellScript = "\"${SRCROOT}/Pods/Target Support Files/Pods-Todoey/Pods-Todoey-frameworks.sh\"\n";
			showEnvVarsInLog = 0;
		};
		C8961D28ABA0DADA773DC757 /* [CP] Check Pods Manifest.lock */ = {
			isa = PBXShellScriptBuildPhase;
			buildActionMask = 2147483647;
			files = (
			);
			inputFileListPaths = (
			);
			inputPaths = (
				"${PODS_PODFILE_DIR_PATH}/Podfile.lock",
				"${PODS_ROOT}/Manifest.lock",
			);
			name = "[CP] Check Pods Manifest.lock";
			outputFileListPaths = (
			);
			outputPaths = (
				"$(DERIVED_FILE_DIR)/Pods-Todoey-checkManifestLockResult.txt",
			);
			runOnlyForDeploymentPostprocessing = 0;
			shellPath = /bin/sh;
			shellScript = "diff \"${PODS_PODFILE_DIR_PATH}/Podfile.lock\" \"${PODS_ROOT}/Manifest.lock\" > /dev/null\nif [ $? != 0 ] ; then\n    # print error to STDERR\n    echo \"error: The sandbox is not in sync with the Podfile.lock. Run 'pod install' or update your CocoaPods installation.\" >&2\n    exit 1\nfi\n# This output is used by Xcode 'outputs' to avoid re-running this script phase.\necho \"SUCCESS\" > \"${SCRIPT_OUTPUT_FILE_0}\"\n";
			showEnvVarsInLog = 0;
		};
/* End PBXShellScriptBuildPhase section */

/* Begin PBXSourcesBuildPhase section */
		53BFABE1220A3BF300C6DFDC /* Sources */ = {
			isa = PBXSourcesBuildPhase;
			buildActionMask = 2147483647;
			files = (
				536B703B22148658008359C7 /* Item.swift in Sources */,
				5307F5FF22121909000F495D /* CategoryViewController.swift in Sources */,
				53BFABEB220A3BF300C6DFDC /* TodoListViewController.swift in Sources */,
				53BFABE9220A3BF300C6DFDC /* AppDelegate.swift in Sources */,
				536B703D22148665008359C7 /* Category.swift in Sources */,
			);
			runOnlyForDeploymentPostprocessing = 0;
		};
/* End PBXSourcesBuildPhase section */

/* Begin PBXVariantGroup section */
		53BFABEC220A3BF300C6DFDC /* Main.storyboard */ = {
			isa = PBXVariantGroup;
			children = (
				53BFABED220A3BF300C6DFDC /* Base */,
			);
			name = Main.storyboard;
			sourceTree = "<group>";
		};
		53BFABF1220A3BF700C6DFDC /* LaunchScreen.storyboard */ = {
			isa = PBXVariantGroup;
			children = (
				53BFABF2220A3BF700C6DFDC /* Base */,
			);
			name = LaunchScreen.storyboard;
			sourceTree = "<group>";
		};
/* End PBXVariantGroup section */

/* Begin XCBuildConfiguration section */
		53BFABF5220A3BF700C6DFDC /* Debug */ = {
			isa = XCBuildConfiguration;
			buildSettings = {
				ALWAYS_SEARCH_USER_PATHS = NO;
				CLANG_ANALYZER_NONNULL = YES;
				CLANG_ANALYZER_NUMBER_OBJECT_CONVERSION = YES_AGGRESSIVE;
				CLANG_CXX_LANGUAGE_STANDARD = "gnu++14";
				CLANG_CXX_LIBRARY = "libc++";
				CLANG_ENABLE_MODULES = YES;
				CLANG_ENABLE_OBJC_ARC = YES;
				CLANG_ENABLE_OBJC_WEAK = YES;
				CLANG_WARN_BLOCK_CAPTURE_AUTORELEASING = YES;
				CLANG_WARN_BOOL_CONVERSION = YES;
				CLANG_WARN_COMMA = YES;
				CLANG_WARN_CONSTANT_CONVERSION = YES;
				CLANG_WARN_DEPRECATED_OBJC_IMPLEMENTATIONS = YES;
				CLANG_WARN_DIRECT_OBJC_ISA_USAGE = YES_ERROR;
				CLANG_WARN_DOCUMENTATION_COMMENTS = YES;
				CLANG_WARN_EMPTY_BODY = YES;
				CLANG_WARN_ENUM_CONVERSION = YES;
				CLANG_WARN_INFINITE_RECURSION = YES;
				CLANG_WARN_INT_CONVERSION = YES;
				CLANG_WARN_NON_LITERAL_NULL_CONVERSION = YES;
				CLANG_WARN_OBJC_IMPLICIT_RETAIN_SELF = YES;
				CLANG_WARN_OBJC_LITERAL_CONVERSION = YES;
				CLANG_WARN_OBJC_ROOT_CLASS = YES_ERROR;
				CLANG_WARN_RANGE_LOOP_ANALYSIS = YES;
				CLANG_WARN_STRICT_PROTOTYPES = YES;
				CLANG_WARN_SUSPICIOUS_MOVE = YES;
				CLANG_WARN_UNGUARDED_AVAILABILITY = YES_AGGRESSIVE;
				CLANG_WARN_UNREACHABLE_CODE = YES;
				CLANG_WARN__DUPLICATE_METHOD_MATCH = YES;
				CODE_SIGN_IDENTITY = "iPhone Developer";
				COPY_PHASE_STRIP = NO;
				DEBUG_INFORMATION_FORMAT = dwarf;
				ENABLE_STRICT_OBJC_MSGSEND = YES;
				ENABLE_TESTABILITY = YES;
				GCC_C_LANGUAGE_STANDARD = gnu11;
				GCC_DYNAMIC_NO_PIC = NO;
				GCC_NO_COMMON_BLOCKS = YES;
				GCC_OPTIMIZATION_LEVEL = 0;
				GCC_PREPROCESSOR_DEFINITIONS = (
					"DEBUG=1",
					"$(inherited)",
				);
				GCC_WARN_64_TO_32_BIT_CONVERSION = YES;
				GCC_WARN_ABOUT_RETURN_TYPE = YES_ERROR;
				GCC_WARN_UNDECLARED_SELECTOR = YES;
				GCC_WARN_UNINITIALIZED_AUTOS = YES_AGGRESSIVE;
				GCC_WARN_UNUSED_FUNCTION = YES;
				GCC_WARN_UNUSED_VARIABLE = YES;
				IPHONEOS_DEPLOYMENT_TARGET = 12.1;
				MTL_ENABLE_DEBUG_INFO = INCLUDE_SOURCE;
				MTL_FAST_MATH = YES;
				ONLY_ACTIVE_ARCH = YES;
				SDKROOT = iphoneos;
				SWIFT_ACTIVE_COMPILATION_CONDITIONS = DEBUG;
				SWIFT_OPTIMIZATION_LEVEL = "-Onone";
			};
			name = Debug;
		};
		53BFABF6220A3BF700C6DFDC /* Release */ = {
			isa = XCBuildConfiguration;
			buildSettings = {
				ALWAYS_SEARCH_USER_PATHS = NO;
				CLANG_ANALYZER_NONNULL = YES;
				CLANG_ANALYZER_NUMBER_OBJECT_CONVERSION = YES_AGGRESSIVE;
				CLANG_CXX_LANGUAGE_STANDARD = "gnu++14";
				CLANG_CXX_LIBRARY = "libc++";
				CLANG_ENABLE_MODULES = YES;
				CLANG_ENABLE_OBJC_ARC = YES;
				CLANG_ENABLE_OBJC_WEAK = YES;
				CLANG_WARN_BLOCK_CAPTURE_AUTORELEASING = YES;
				CLANG_WARN_BOOL_CONVERSION = YES;
				CLANG_WARN_COMMA = YES;
				CLANG_WARN_CONSTANT_CONVERSION = YES;
				CLANG_WARN_DEPRECATED_OBJC_IMPLEMENTATIONS = YES;
				CLANG_WARN_DIRECT_OBJC_ISA_USAGE = YES_ERROR;
				CLANG_WARN_DOCUMENTATION_COMMENTS = YES;
				CLANG_WARN_EMPTY_BODY = YES;
				CLANG_WARN_ENUM_CONVERSION = YES;
				CLANG_WARN_INFINITE_RECURSION = YES;
				CLANG_WARN_INT_CONVERSION = YES;
				CLANG_WARN_NON_LITERAL_NULL_CONVERSION = YES;
				CLANG_WARN_OBJC_IMPLICIT_RETAIN_SELF = YES;
				CLANG_WARN_OBJC_LITERAL_CONVERSION = YES;
				CLANG_WARN_OBJC_ROOT_CLASS = YES_ERROR;
				CLANG_WARN_RANGE_LOOP_ANALYSIS = YES;
				CLANG_WARN_STRICT_PROTOTYPES = YES;
				CLANG_WARN_SUSPICIOUS_MOVE = YES;
				CLANG_WARN_UNGUARDED_AVAILABILITY = YES_AGGRESSIVE;
				CLANG_WARN_UNREACHABLE_CODE = YES;
				CLANG_WARN__DUPLICATE_METHOD_MATCH = YES;
				CODE_SIGN_IDENTITY = "iPhone Developer";
				COPY_PHASE_STRIP = NO;
				DEBUG_INFORMATION_FORMAT = "dwarf-with-dsym";
				ENABLE_NS_ASSERTIONS = NO;
				ENABLE_STRICT_OBJC_MSGSEND = YES;
				GCC_C_LANGUAGE_STANDARD = gnu11;
				GCC_NO_COMMON_BLOCKS = YES;
				GCC_WARN_64_TO_32_BIT_CONVERSION = YES;
				GCC_WARN_ABOUT_RETURN_TYPE = YES_ERROR;
				GCC_WARN_UNDECLARED_SELECTOR = YES;
				GCC_WARN_UNINITIALIZED_AUTOS = YES_AGGRESSIVE;
				GCC_WARN_UNUSED_FUNCTION = YES;
				GCC_WARN_UNUSED_VARIABLE = YES;
				IPHONEOS_DEPLOYMENT_TARGET = 12.1;
				MTL_ENABLE_DEBUG_INFO = NO;
				MTL_FAST_MATH = YES;
				SDKROOT = iphoneos;
				SWIFT_COMPILATION_MODE = wholemodule;
				SWIFT_OPTIMIZATION_LEVEL = "-O";
				VALIDATE_PRODUCT = YES;
			};
			name = Release;
		};
		53BFABF8220A3BF700C6DFDC /* Debug */ = {
			isa = XCBuildConfiguration;
			baseConfigurationReference = E8135FC5575078441027BE0C /* Pods-Todoey.debug.xcconfig */;
			buildSettings = {
				ASSETCATALOG_COMPILER_APPICON_NAME = AppIcon;
				CODE_SIGN_STYLE = Automatic;
				DEVELOPMENT_TEAM = P77FR9QTW9;
				INFOPLIST_FILE = Todoey/Info.plist;
				LD_RUNPATH_SEARCH_PATHS = (
					"$(inherited)",
					"@executable_path/Frameworks",
				);
				PRODUCT_BUNDLE_IDENTIFIER = com.smeetpatel.Todoey;
				PRODUCT_NAME = "$(TARGET_NAME)";
				SWIFT_VERSION = 4.2;
				TARGETED_DEVICE_FAMILY = "1,2";
			};
			name = Debug;
		};
		53BFABF9220A3BF700C6DFDC /* Release */ = {
			isa = XCBuildConfiguration;
			baseConfigurationReference = 1BDFCF617D6E0DD53C3E1C1A /* Pods-Todoey.release.xcconfig */;
			buildSettings = {
				ASSETCATALOG_COMPILER_APPICON_NAME = AppIcon;
				CODE_SIGN_STYLE = Automatic;
				DEVELOPMENT_TEAM = P77FR9QTW9;
				INFOPLIST_FILE = Todoey/Info.plist;
				LD_RUNPATH_SEARCH_PATHS = (
					"$(inherited)",
					"@executable_path/Frameworks",
				);
				PRODUCT_BUNDLE_IDENTIFIER = com.smeetpatel.Todoey;
				PRODUCT_NAME = "$(TARGET_NAME)";
				SWIFT_VERSION = 4.2;
				TARGETED_DEVICE_FAMILY = "1,2";
			};
			name = Release;
		};
/* End XCBuildConfiguration section */

/* Begin XCConfigurationList section */
		53BFABE0220A3BF300C6DFDC /* Build configuration list for PBXProject "Todoey" */ = {
			isa = XCConfigurationList;
			buildConfigurations = (
				53BFABF5220A3BF700C6DFDC /* Debug */,
				53BFABF6220A3BF700C6DFDC /* Release */,
			);
			defaultConfigurationIsVisible = 0;
			defaultConfigurationName = Release;
		};
		53BFABF7220A3BF700C6DFDC /* Build configuration list for PBXNativeTarget "Todoey" */ = {
			isa = XCConfigurationList;
			buildConfigurations = (
				53BFABF8220A3BF700C6DFDC /* Debug */,
				53BFABF9220A3BF700C6DFDC /* Release */,
			);
			defaultConfigurationIsVisible = 0;
			defaultConfigurationName = Release;
		};
/* End XCConfigurationList section */
	};
	rootObject = 53BFABDD220A3BF300C6DFDC /* Project object */;
}
